
Microsoft Visual Studio Solution File, Format Version 12.00
# Visual Studio Version 17
VisualStudioVersion = 17.2.32602.215
MinimumVisualStudioVersion = 10.0.40219.1
Project("{8BC9CEB8-8B4A-11D0-8D11-00A0C91BC942}") = "ura-core", "ura-core\ura-core.vcxproj", "{482D1BC0-1988-41D9-931B-B669B1EB4C9D}"
EndProject
Project("{8BC9CEB8-8B4A-11D0-8D11-00A0C91BC942}") = "libMinHook", "minhook\build\VC16\libMinHook.vcxproj", "{F142A341-5EE0-442D-A15F-98AE9B48DBAE}"
EndProject
Global
	GlobalSection(SolutionConfigurationPlatforms) = preSolution
		Debug|x64 = Debug|x64
		Debug|x86 = Debug|x86
		Release|x64 = Release|x64
		Release|x86 = Release|x86
	EndGlobalSection
	GlobalSection(ProjectConfigurationPlatforms) = postSolution
		{482D1BC0-1988-41D9-931B-B669B1EB4C9D}.Debug|x64.ActiveCfg = Debug|x64
		{482D1BC0-1988-41D9-931B-B669B1EB4C9D}.Debug|x64.Build.0 = Debug|x64
		{482D1BC0-1988-41D9-931B-B669B1EB4C9D}.Debug|x86.ActiveCfg = Debug|Win32
		{482D1BC0-1988-41D9-931B-B669B1EB4C9D}.Debug|x86.Build.0 = Debug|Win32
		{482D1BC0-1988-41D9-931B-B669B1EB4C9D}.Release|x64.ActiveCfg = Release|x64
		{482D1BC0-1988-41D9-931B-B669B1EB4C9D}.Release|x64.Build.0 = Release|x64
		{482D1BC0-1988-41D9-931B-B669B1EB4C9D}.Release|x86.ActiveCfg = Release|Win32
		{482D1BC0-1988-41D9-931B-B669B1EB4C9D}.Release|x86.Build.0 = Release|Win32
		{F142A341-5EE0-442D-A15F-98AE9B48DBAE}.Debug|x64.ActiveCfg = Debug|x64
		{F142A341-5EE0-442D-A15F-98AE9B48DBAE}.Debug|x64.Build.0 = Debug|x64
		{F142A341-5EE0-442D-A15F-98AE9B48DBAE}.Debug|x86.ActiveCfg = Debug|Win32
		{F142A341-5EE0-442D-A15F-98AE9B48DBAE}.Debug|x86.Build.0 = Debug|Win32
		{F142A341-5EE0-442D-A15F-98AE9B48DBAE}.Release|x64.ActiveCfg = Release|x64
		{F142A341-5EE0-442D-A15F-98AE9B48DBAE}.Release|x64.Build.0 = Release|x64
		{F142A341-5EE0-442D-A15F-98AE9B48DBAE}.Release|x86.ActiveCfg = Release|Win32
		{F142A341-5EE0-442D-A15F-98AE9B48DBAE}.Release|x86.Build.0 = Release|Win32
	EndGlobalSection
	GlobalSection(SolutionProperties) = preSolution
		HideSolutionNode = FALSE
	EndGlobalSection
	GlobalSection(ExtensibilityGlobals) = postSolution
		SolutionGuid = {1BF546E9-3824-4889-9A47-55EA08E866C4}
	EndGlobalSection
EndGlobal
